{
  "name": "a2jdat",
  "version": "2.2.3",
  "lockfileVersion": 1,
  "requires": true,
  "dependencies": {
    "a2jdeps": {
      "version": "file:../a2jdeps",
      "requires": {
        "@open-xchange/bootstrap-tokenfield": "^0.13.1",
        "can-stache-converters": "^4.2.5"
      },
      "dependencies": {
        "@open-xchange/bootstrap-tokenfield": {
          "version": "0.13.2",
          "resolved": "https://registry.npmjs.org/@open-xchange/bootstrap-tokenfield/-/bootstrap-tokenfield-0.13.2.tgz",
          "integrity": "sha512-BPR56hDsEALl0f+7NQvxq9ipX4fC5NKVJcpq5gTv+NyqgwPqMwyBZ+C1ePoIAkwsdzNLVh8sS+LWqoDw0A3gKg=="
        },
        "can-assign": {
          "version": "1.3.3",
          "resolved": "https://registry.npmjs.org/can-assign/-/can-assign-1.3.3.tgz",
          "integrity": "sha512-HM8IGrfw1Z6mPodmu5GW+eCv/b9e8T2vycC6LVfmRSgHLTl+G9PJIKtHnl/sgbqH9muZhbw5jGmJPKu7N0tanA==",
          "requires": {
            "can-namespace": "1.0.0"
          }
        },
        "can-attribute-encoder": {
          "version": "1.1.4",
          "resolved": "https://registry.npmjs.org/can-attribute-encoder/-/can-attribute-encoder-1.1.4.tgz",
          "integrity": "sha512-ZUHwzrTRNdtVM+7BgTLbDOOyO7dohPhCjEisJ8tOIIha1pvnn4D/pKcz3IAnZ+sUnYZgHK5JjGtiwl/0TlrzaA==",
          "requires": {
            "can-log": "^1.0.0",
            "can-namespace": "^1.0.0"
          }
        },
        "can-attribute-observable": {
          "version": "1.2.7",
          "resolved": "https://registry.npmjs.org/can-attribute-observable/-/can-attribute-observable-1.2.7.tgz",
          "integrity": "sha512-EECpIuy/icbCuN3NEPuNQP6EhkupVu7IhgimWG8eZckB5HlLnAwzFj8ICEiGx2aFdKTrv8KHaX5QgWsIsIf8pQ==",
          "requires": {
            "can-assign": "^1.3.1",
            "can-diff": "^1.0.1",
            "can-dom-data": "^1.0.1",
            "can-dom-events": "^1.1.2",
            "can-dom-mutate": "^1.3.11",
            "can-event-dom-radiochange": "^2.1.0",
            "can-globals": "^1.0.1",
            "can-observation": "^4.0.1",
            "can-observation-recorder": "^1.0.2",
            "can-queues": "^1.0.1",
            "can-reflect": "^1.13.3",
            "can-reflect-dependencies": "^1.0.1",
            "can-simple-observable": "^2.0.2",
            "can-symbol": "^1.6.1"
          }
        },
        "can-bind": {
          "version": "1.5.1",
          "resolved": "https://registry.npmjs.org/can-bind/-/can-bind-1.5.1.tgz",
          "integrity": "sha512-GRFLGjaL1wtjdnjt7ZED/J+eYDCUXspvEF3Q8YODbXQisGoe+s4X2T5wV+CTr/slJN8XH0q+ZYTCkzeQZ3oD3Q==",
          "requires": {
            "can-assign": "^1.3.1",
            "can-log": "^1.0.2",
            "can-namespace": "1.0.0",
            "can-queues": "^1.2.0",
            "can-reflect": "^1.15.0",
            "can-reflect-dependencies": "^1.1.1",
            "can-symbol": "^1.6.0"
          }
        },
        "can-child-nodes": {
          "version": "1.2.1",
          "resolved": "https://registry.npmjs.org/can-child-nodes/-/can-child-nodes-1.2.1.tgz",
          "integrity": "sha512-DsZ0l4yO8fzqed9GOKHqjHpk8xVIoRPmirf9eTi86HJCYg0souUyt+UTR6qmaxc2nVOoPGc2Ke0a55oa8+GLOw==",
          "requires": {
            "can-namespace": "^1.0.0"
          }
        },
        "can-cid": {
          "version": "1.3.1",
          "resolved": "https://registry.npmjs.org/can-cid/-/can-cid-1.3.1.tgz",
          "integrity": "sha512-0c9Swmmz5xfLHZrsoL1gLQUolwL5h5iVJAkIJ3Gsib1ED5L/l/VBdJ0CUDVBfzxCNDRXCRCSxeDULtnxr1blJw==",
          "requires": {
            "can-namespace": "1.0.0"
          }
        },
        "can-construct": {
          "version": "3.5.6",
          "resolved": "https://registry.npmjs.org/can-construct/-/can-construct-3.5.6.tgz",
          "integrity": "sha512-TVQgq15RvLDCz6E/3W3nk5CY0n3mCC17E/9mirAQzHKqi9BM2b1e1xuKVsIk2wnV1nDqjq8YqE/btIN1W8ySWQ==",
          "requires": {
            "can-log": "^1.0.0",
            "can-namespace": "1.0.0",
            "can-reflect": "^1.16.1",
            "can-string": "<2.0.0",
            "can-symbol": "^1.6.4"
          }
        },
        "can-define-lazy-value": {
          "version": "1.1.1",
          "resolved": "https://registry.npmjs.org/can-define-lazy-value/-/can-define-lazy-value-1.1.1.tgz",
          "integrity": "sha512-EihU7EEZT6MfmLZOhPENWxNrwEnVXNXjcLQUnKY4VwXabmBkxtVfwcUDB6RxfnNKbC9lBRi7/iXctxmTJQWVlg=="
        },
        "can-diff": {
          "version": "1.5.0",
          "resolved": "https://registry.npmjs.org/can-diff/-/can-diff-1.5.0.tgz",
          "integrity": "sha512-IdkNA4hGPkSqae1Nu661EFrG9inK6AN5M9/J4jgI594fBK+Xv7dQFf9CQbWJg8jwAQz2Xce6FpoQwRgsZcVFCw==",
          "requires": {
            "can-key-tree": "^1.0.2",
            "can-queues": "^1.0.1",
            "can-reflect": "^1.14.1"
          }
        },
        "can-dom-data": {
          "version": "1.0.3",
          "resolved": "https://registry.npmjs.org/can-dom-data/-/can-dom-data-1.0.3.tgz",
          "integrity": "sha512-9rbmuDqWGtM8nDTVDuAhfQFy5Gmp94cjjiMITY1b8INH+W2mq5TDj/fdrmxesAajhn1PvSwmSLHdvanXMSh8Ug==",
          "requires": {
            "can-namespace": "1.0.0"
          }
        },
        "can-dom-events": {
          "version": "1.3.11",
          "resolved": "https://registry.npmjs.org/can-dom-events/-/can-dom-events-1.3.11.tgz",
          "integrity": "sha512-6iMXy2yh/qKO7/kVCL67xYplAHCRrHtg+garWvUD4MjEcu7xYVCdg9ycwXCdkMM1JD8TsWyeE3nss4eXDBq2zQ==",
          "requires": {
            "can-globals": "<2.0.0",
            "can-key-tree": "^1.0.0",
            "can-namespace": "^1.0.0",
            "can-reflect": "^1.11.1"
          }
        },
        "can-dom-mutate": {
          "version": "1.3.11",
          "resolved": "https://registry.npmjs.org/can-dom-mutate/-/can-dom-mutate-1.3.11.tgz",
          "integrity": "sha512-+nOu/Iw6KhwH/Bk7VUFkf00X572QwHjUwWKImOPM/KWhtQhRk+Bs+D3yE8Wff1XwqiZXqXTE17sXeoX1Krk8+Q==",
          "requires": {
            "can-globals": "^1.0.0",
            "can-namespace": "1.0.0",
            "can-reflect": "^1.17.6"
          }
        },
        "can-event-dom-radiochange": {
          "version": "2.2.1",
          "resolved": "https://registry.npmjs.org/can-event-dom-radiochange/-/can-event-dom-radiochange-2.2.1.tgz",
          "integrity": "sha512-urK90wYRDFkpP6sp4eG1TPxBPouLOdpXCM2Fag9NajotsV6jHYyoMGYMYdVhSevdqSoNYo9Jeh4K93de8LhD5w==",
          "requires": {
            "can-dom-events": "<2.0.0",
            "can-globals": "<2.0.0",
            "can-namespace": "1.0.0"
          }
        },
        "can-event-queue": {
          "version": "1.1.8",
          "resolved": "https://registry.npmjs.org/can-event-queue/-/can-event-queue-1.1.8.tgz",
          "integrity": "sha512-RZA/yTCwQEL/sIVQZjtYTvqwPii8QMearl92qFHePA5F2D7f4PYLwKGzHxIaJR6h8XyM4+C7tw1tgAgZbZqaOA==",
          "requires": {
            "can-define-lazy-value": "^1.0.1",
            "can-dom-events": "^1.0.0",
            "can-key-tree": "^1.1.0",
            "can-log": "^1.0.0",
            "can-queues": "^1.0.0",
            "can-reflect": "^1.10.2",
            "can-symbol": "^1.2.0"
          }
        },
        "can-fragment": {
          "version": "1.3.1",
          "resolved": "https://registry.npmjs.org/can-fragment/-/can-fragment-1.3.1.tgz",
          "integrity": "sha512-wu8xuXh6pBZkxWZYwEb+QTwH8aQq/jgpdqegWGmBUr278z3RetbI6QtkpgF7KbD75/yHmtw/6WvhGj6CgA/doQ==",
          "requires": {
            "can-child-nodes": "^1.0.0",
            "can-globals": "^1.0.1",
            "can-namespace": "^1.0.0",
            "can-reflect": "^1.16.1",
            "can-symbol": "^1.6.1"
          }
        },
        "can-globals": {
          "version": "1.2.2",
          "resolved": "https://registry.npmjs.org/can-globals/-/can-globals-1.2.2.tgz",
          "integrity": "sha512-wcsZoHIHd+pJ7Tx5NExRJggr3NGoOjJ38mRWlfyE6jAwG7N+Ha4opgosczrFBSHcVLeEJTg2WikCWJjOtgIP/w==",
          "requires": {
            "can-namespace": "^1.0.0",
            "can-reflect": "^1.2.6",
            "can-symbol": "^1.0.0"
          }
        },
        "can-import-module": {
          "version": "1.2.0",
          "resolved": "https://registry.npmjs.org/can-import-module/-/can-import-module-1.2.0.tgz",
          "integrity": "sha512-IG98g1BUm7o7OGVXWkBegID2H2lRVDMaN153OuoEf48jpgM57HPwFPKgblxHpX72qUhi+Ejqlb6PUvQQpcxczQ==",
          "requires": {
            "can-globals": "^1.0.1",
            "can-namespace": "^1.0.0"
          }
        },
        "can-join-uris": {
          "version": "1.2.0",
          "resolved": "https://registry.npmjs.org/can-join-uris/-/can-join-uris-1.2.0.tgz",
          "integrity": "sha512-zW1U5yL3lQ3VzQtIPx5ZMb4P3mU7jAzWTn1slN2gGiR50KvWV16KZELTy88m3vFn9y1pj1PaQjOKioU5SV+log==",
          "requires": {
            "can-namespace": "^1.0.0",
            "can-parse-uri": "^1.1.0"
          }
        },
        "can-key": {
          "version": "1.2.1",
          "resolved": "https://registry.npmjs.org/can-key/-/can-key-1.2.1.tgz",
          "integrity": "sha512-OSlx1CUaGcuyKNXJSKYPm8Dp6td2vyOmQSn7SBK2AcDRE/QilfedHS1pMGfkAdshShK//NcvmFTlRS9DkODXtQ==",
          "requires": {
            "can-namespace": "^1.0.0",
            "can-reflect": "^1.13.3",
            "can-symbol": "^1.0.0"
          }
        },
        "can-key-tree": {
          "version": "1.2.2",
          "resolved": "https://registry.npmjs.org/can-key-tree/-/can-key-tree-1.2.2.tgz",
          "integrity": "sha512-56J5on+18RisUXvTm+S5rl4TX9+UkBiDJXtwweZfVMCoNkH3mcKUYD/drX6ZId4O1OqoCuifQFhxYqzVmQTFLg==",
          "requires": {
            "can-reflect": "^1.4.0"
          }
        },
        "can-log": {
          "version": "1.0.2",
          "resolved": "https://registry.npmjs.org/can-log/-/can-log-1.0.2.tgz",
          "integrity": "sha512-wmT8aGIb8u82HqKXjjXodb1fCanntC0RvMtluTMtt1GwVDZyPLV9RQHJ1+j3b5PgSPW6ZwCjyiKwnSkI+2swiw=="
        },
        "can-namespace": {
          "version": "1.0.0",
          "resolved": "https://registry.npmjs.org/can-namespace/-/can-namespace-1.0.0.tgz",
          "integrity": "sha1-C4+vr7sRNSuerUIi/+OCJAW0Ppk="
        },
        "can-observation": {
          "version": "4.2.0",
          "resolved": "https://registry.npmjs.org/can-observation/-/can-observation-4.2.0.tgz",
          "integrity": "sha512-vJRxuwnlr48RslVTOAkVVIkr0HJEOeqvhKs3KlRF0f3mWBfdPflw6ShZEw1omx8sIOEyhr/IKmJEwYK12ZcmVQ==",
          "requires": {
            "can-event-queue": "^1.0.0",
            "can-key-tree": "^1.0.0",
            "can-log": "^1.0.0",
            "can-namespace": "1.0.0",
            "can-observation-recorder": "^1.0.0",
            "can-queues": "^1.3.0",
            "can-reflect": "^1.7.0",
            "can-symbol": "^1.4.2"
          }
        },
        "can-observation-recorder": {
          "version": "1.3.1",
          "resolved": "https://registry.npmjs.org/can-observation-recorder/-/can-observation-recorder-1.3.1.tgz",
          "integrity": "sha512-cVxn4gDchnhlPZyVgSNxmUH4VbOkeQA9bYUiEUhnOtJJ2sPepOqAiXiY/3/O7pVzjXo3sY5oj+R0/mbudZBxxA==",
          "requires": {
            "can-namespace": "^1.0.0",
            "can-symbol": "^1.6.1"
          }
        },
        "can-parse-uri": {
          "version": "1.2.2",
          "resolved": "https://registry.npmjs.org/can-parse-uri/-/can-parse-uri-1.2.2.tgz",
          "integrity": "sha512-mN0KQPyBLUKvJgntSwjL2N6cOtSgu/VPue/fygo9zAsBcRDTT1AtBAtkMKEyTBI3KUWALUuHQv2oyNhAOuCIxA==",
          "requires": {
            "can-namespace": "^1.0.0"
          }
        },
        "can-queues": {
          "version": "1.3.2",
          "resolved": "https://registry.npmjs.org/can-queues/-/can-queues-1.3.2.tgz",
          "integrity": "sha512-hJvjik9ZXxj/i9NiXOQWPOsm/JCxTAocHTlnvTBguAo4tOCZChjlxouFR8rMY7djuxLov9kCTt1BGW8r67a3yg==",
          "requires": {
            "can-assign": "^1.0.1",
            "can-log": "^1.0.0",
            "can-namespace": "^1.0.0",
            "can-symbol": "^1.6.5"
          }
        },
        "can-reflect": {
          "version": "1.18.0",
          "resolved": "https://registry.npmjs.org/can-reflect/-/can-reflect-1.18.0.tgz",
          "integrity": "sha512-znq3cV+AmN90rTnISmTMk07Vm63AfMdk0IpBfrbWc5VCY8y2MlmEDIp5E6ebcH8hQR2m13rpS1WVqHZkHALfnw==",
          "requires": {
            "can-namespace": "^1.0.0",
            "can-symbol": "^1.6.4"
          }
        },
        "can-reflect-dependencies": {
          "version": "1.1.2",
          "resolved": "https://registry.npmjs.org/can-reflect-dependencies/-/can-reflect-dependencies-1.1.2.tgz",
          "integrity": "sha512-NI+6PPYCJB3SDS7jxnoVKIucTc4ycVAPoto0BIN1a4deYWs+d667ok0qdhPiPaQypPqx5IcrrZSelbZYbnd+tw==",
          "requires": {
            "can-assign": "^1.3.1",
            "can-reflect": "^1.10.0",
            "can-symbol": "^1.4.1"
          }
        },
        "can-reflect-promise": {
          "version": "2.2.1",
          "resolved": "https://registry.npmjs.org/can-reflect-promise/-/can-reflect-promise-2.2.1.tgz",
          "integrity": "sha512-i610G2EgX2vZyBT3nhXWGOiiUl8K4hMgnc3q9coMmKcCNlt/7YJaZ0J5NBE49ka7BUZG35FKDHQlKLYC0+6s2Q==",
          "requires": {
            "can-key-tree": "^1.0.0",
            "can-log": "^1.0.0",
            "can-observation": "^4.0.0",
            "can-observation-recorder": "^1.0.0",
            "can-queues": "^1.0.0",
            "can-reflect": "^1.1.0",
            "can-symbol": "^1.0.0"
          }
        },
        "can-simple-map": {
          "version": "4.3.3",
          "resolved": "https://registry.npmjs.org/can-simple-map/-/can-simple-map-4.3.3.tgz",
          "integrity": "sha512-XGIbPUKbhLX/FZuIrT35lvv431Dm83J0mCyScHWlR+seagkvVDYy4AssPm8q4nwgxjlImW/m45LWwYBO/wMnoA==",
          "requires": {
            "can-construct": "^3.5.4",
            "can-event-queue": "^1.0.0",
            "can-key-tree": "^1.0.0",
            "can-log": "^1.0.0",
            "can-observation": "^4.0.0",
            "can-observation-recorder": "^1.0.0",
            "can-queues": "^1.0.0",
            "can-reflect": "^1.2.1",
            "can-symbol": "^1.0.0"
          }
        },
        "can-simple-observable": {
          "version": "2.5.0",
          "resolved": "https://registry.npmjs.org/can-simple-observable/-/can-simple-observable-2.5.0.tgz",
          "integrity": "sha512-LGxq4Y5SdNlD6FCO7N+Cmer8CAtkTI+3jgnG8WhqXHWhUtyNZZkzDLT66jRFhpQIvRHMO5Wh59a6eu1fWDv9zQ==",
          "requires": {
            "can-event-queue": "^1.0.0",
            "can-key": "<2.0.0",
            "can-key-tree": "^1.0.0",
            "can-log": "^1.0.0",
            "can-namespace": "1.0.0",
            "can-observation": "^4.1.0",
            "can-observation-recorder": "^1.0.0",
            "can-queues": "^1.0.0",
            "can-reflect": "^1.10.1",
            "can-reflect-dependencies": "^1.0.0",
            "can-symbol": "^1.4.2"
          }
        },
        "can-single-reference": {
          "version": "1.3.0",
          "resolved": "https://registry.npmjs.org/can-single-reference/-/can-single-reference-1.3.0.tgz",
          "integrity": "sha512-XTdVrN/9Etsrx4NTqgAes6mpWbutaTi4S1mMGqaSi/OBoaDaokOguAmt3+3/Vg6gdw7XraNjA0vr1r9nanWueA==",
          "requires": {
            "can-cid": "^1.1.2"
          }
        },
        "can-stache": {
          "version": "4.17.21",
          "resolved": "https://registry.npmjs.org/can-stache/-/can-stache-4.17.21.tgz",
          "integrity": "sha512-b4VGOhyZ35QgTDP6mCCX6HGxFzcQO+bCwN6FqDf07ITywgakZ6AESsSMUd9+FUTF/R0V29dL8yQxIJXiVy+ClQ==",
          "requires": {
            "can-assign": "^1.1.1",
            "can-attribute-encoder": "^1.0.0",
            "can-child-nodes": "^1.0.0",
            "can-define-lazy-value": "^1.0.2",
            "can-dom-data": "^1.0.1",
            "can-dom-mutate": "^1.3.6",
            "can-fragment": "^1.3.0",
            "can-globals": "^1.1.1",
            "can-import-module": "^1.0.0",
            "can-join-uris": "^1.0.0",
            "can-log": "^1.0.0",
            "can-namespace": "1.0.0",
            "can-observation": "^4.0.0",
            "can-observation-recorder": "^1.3.0",
            "can-reflect": "^1.16.4",
            "can-simple-observable": "^2.0.3",
            "can-stache-ast": "^1.0.0",
            "can-stache-helpers": "^1.0.0",
            "can-stache-key": "^1.3.1",
            "can-string": "<2.0.0",
            "can-symbol": "^1.6.4",
            "can-view-callbacks": "^4.2.0",
            "can-view-live": "^4.2.0",
            "can-view-nodelist": "^4.2.0",
            "can-view-parser": "^4.0.0",
            "can-view-scope": "^4.12.0",
            "can-view-target": "^4.1.2"
          }
        },
        "can-stache-ast": {
          "version": "1.1.0",
          "resolved": "https://registry.npmjs.org/can-stache-ast/-/can-stache-ast-1.1.0.tgz",
          "integrity": "sha512-3df63QcrsJo6XYj8E3RGerr/Z+nGoKO/Cg0TaSybrdNqJmK7XtLsP42XMc4OrIH/edDQ63BH2DfAtTdSMTEbqQ==",
          "requires": {
            "can-view-parser": "^4.0.2"
          }
        },
        "can-stache-bindings": {
          "version": "4.10.9",
          "resolved": "https://registry.npmjs.org/can-stache-bindings/-/can-stache-bindings-4.10.9.tgz",
          "integrity": "sha512-y0qdKXgaZwQS7DAtgtE4CLBx5ArXuF8brSwSAkptzOxVAA8/Ii6uoW/ng/Lb4RRdiHFqzvZJZ6ALx922Li2plw==",
          "requires": {
            "can-assign": "^1.0.0",
            "can-attribute-encoder": "^1.1.1",
            "can-attribute-observable": "^1.2.5",
            "can-bind": "^1.4.2",
            "can-dom-data": "^1.0.1",
            "can-dom-events": "^1.3.3",
            "can-dom-mutate": "^1.3.0",
            "can-event-queue": "^1.1.4",
            "can-log": "^1.0.0",
            "can-observation-recorder": "^1.0.0",
            "can-queues": "^1.0.0",
            "can-reflect": "^1.6.0",
            "can-reflect-dependencies": "^1.0.0",
            "can-simple-map": "^4.0.0",
            "can-simple-observable": "^2.0.0",
            "can-stache": "^4.17.15",
            "can-stache-key": "^1.0.0",
            "can-symbol": "^1.0.0",
            "can-view-callbacks": "^4.2.0",
            "can-view-live": "^4.0.5",
            "can-view-model": "^4.0.0",
            "can-view-scope": "^4.13.0"
          }
        },
        "can-stache-converters": {
          "version": "4.2.6",
          "resolved": "https://registry.npmjs.org/can-stache-converters/-/can-stache-converters-4.2.6.tgz",
          "integrity": "sha512-KFGwbWJd2pjmnU5hawg1vdaLXvbkUmnHm07oM52nX0x/bVIXha+N0LB8t9a5Dfjp5bcKanrI1srYtas1UtlPJQ==",
          "requires": {
            "can-dom-events": "^1.1.1",
            "can-log": "^1.0.0",
            "can-reflect": "^1.11.1",
            "can-stache": "^4.8.0",
            "can-stache-bindings": "^4.0.2",
            "can-stache-helpers": "^1.2.0",
            "can-string-to-any": "<2.0.0"
          }
        },
        "can-stache-helpers": {
          "version": "1.2.0",
          "resolved": "https://registry.npmjs.org/can-stache-helpers/-/can-stache-helpers-1.2.0.tgz",
          "integrity": "sha512-pQwmrei25IXih92JOVGXH0uMsP75/77I0+Mnc44n0lOQSow2GW8ySUH2ov27YovWemEww2hPf/LRQHmchchk5w==",
          "requires": {
            "can-namespace": "1.0.0"
          }
        },
        "can-stache-key": {
          "version": "1.4.3",
          "resolved": "https://registry.npmjs.org/can-stache-key/-/can-stache-key-1.4.3.tgz",
          "integrity": "sha512-wilhbYx3D030BAnKiYzrUADrDj9+spm1pN1NwAdTshm5LhvoXmkYWvqsBMfCG3aOIwpyHi2pjcgcBtC0+n5X0A==",
          "requires": {
            "can-log": "^1.0.0",
            "can-namespace": "1.0.0",
            "can-observation-recorder": "^1.0.0",
            "can-reflect": "^1.16.4",
            "can-reflect-promise": "^2.0.0",
            "can-symbol": "^1.0.0"
          }
        },
        "can-string": {
          "version": "1.1.0",
          "resolved": "https://registry.npmjs.org/can-string/-/can-string-1.1.0.tgz",
          "integrity": "sha512-h1XxcgUD23vkir89pGDg4uq+V2y0BgPZuf2nAjWDylRTABWKYGJVLsXD6uyl1eBD1ljLkOvrSSJbF3b2oGc0nw=="
        },
        "can-string-to-any": {
          "version": "1.2.1",
          "resolved": "https://registry.npmjs.org/can-string-to-any/-/can-string-to-any-1.2.1.tgz",
          "integrity": "sha512-vZY891gfNRvwgyjLgzwIpWs4xmkjm17YuU9bmUTXxx55qq+oY3QGcpyKdDlM6XwM9RWB6DgKnJI5u7QfFQb0dw=="
        },
        "can-symbol": {
          "version": "1.6.5",
          "resolved": "https://registry.npmjs.org/can-symbol/-/can-symbol-1.6.5.tgz",
          "integrity": "sha512-4Bis0OFUiJV2PFXmzNXZZfuG5NTiTqxxEZDRgy6Vxov55kRL/Wg3KO0GNpkrpYHBaLATlcFfNb0YiJ2bMhFxgg==",
          "requires": {
            "can-namespace": "^1.0.0"
          }
        },
        "can-view-callbacks": {
          "version": "4.4.1",
          "resolved": "https://registry.npmjs.org/can-view-callbacks/-/can-view-callbacks-4.4.1.tgz",
          "integrity": "sha512-ruhPeXaEpEdCIe2NIwaSPptUJgn47d+wfSEzLl4rIyW4DjK6LjVJq0tuuUyRojUyk349uC5+sqBzWjGLyGXJBQ==",
          "requires": {
            "can-dom-mutate": "^1.0.0",
            "can-fragment": "^1.0.0",
            "can-globals": "^1.0.0",
            "can-log": "^1.0.0",
            "can-namespace": "1.0.0",
            "can-observation-recorder": "^1.0.0",
            "can-reflect": "^1.16.7",
            "can-symbol": "^1.6.1",
            "can-view-nodelist": "^4.0.0"
          }
        },
        "can-view-live": {
          "version": "4.2.8",
          "resolved": "https://registry.npmjs.org/can-view-live/-/can-view-live-4.2.8.tgz",
          "integrity": "sha512-s4vo3ZuB4r7uPPj7IkzDSBz/Zh72D44h2fSwJP0k4gyySMWap4nCX3Ah7qBGd/AYy4jLKzgo//SklMFh6DXlXA==",
          "requires": {
            "can-attribute-observable": "<2.0.0",
            "can-child-nodes": "^1.0.0",
            "can-diff": "^1.0.1",
            "can-dom-mutate": "^1.2.2",
            "can-fragment": "^1.0.0",
            "can-observation": "^4.0.0",
            "can-queues": "^1.0.0",
            "can-reflect": "^1.10.2",
            "can-reflect-dependencies": "^1.0.1",
            "can-simple-observable": "^2.0.0",
            "can-symbol": "^1.4.1",
            "can-view-callbacks": "^4.0.0",
            "can-view-nodelist": "^4.2.0",
            "can-view-parser": "^4.0.0",
            "can-view-target": "^4.0.0"
          }
        },
        "can-view-model": {
          "version": "4.0.3",
          "resolved": "https://registry.npmjs.org/can-view-model/-/can-view-model-4.0.3.tgz",
          "integrity": "sha512-g34cRFf3vu7tV27NKquLzPNwfqI7YUWED4OSPlYGhRchh0H8RjFkHvbjnfF+SlmkoENfZxcszwkXIQ+Q68vTWg==",
          "requires": {
            "can-globals": "^1.0.0",
            "can-namespace": "1.0.0",
            "can-reflect": "^1.2.1",
            "can-simple-map": "^4.0.0",
            "can-symbol": "^1.5.0"
          }
        },
        "can-view-nodelist": {
          "version": "4.3.4",
          "resolved": "https://registry.npmjs.org/can-view-nodelist/-/can-view-nodelist-4.3.4.tgz",
          "integrity": "sha512-KzmqoGwm2XZ375XT071cQS2a48KLvekQjAx0HNIilHoCMfQMU1F/Z+BVmeJpARFHhfnxfUW++3bWDnXW3Prn5g==",
          "requires": {
            "can-dom-mutate": "<2.0.0",
            "can-namespace": "1.0.0"
          }
        },
        "can-view-parser": {
          "version": "4.1.3",
          "resolved": "https://registry.npmjs.org/can-view-parser/-/can-view-parser-4.1.3.tgz",
          "integrity": "sha512-+sK9Ntcr+gI8hYo7/6fLUK8R30ER63Vj4FOwZbuIAJrl6MJSJ0cXs+Kljw/NTZyjzLEdynzM3uaqWTNjzP2PLw==",
          "requires": {
            "can-attribute-encoder": "^1.0.0",
            "can-log": "^1.0.0",
            "can-namespace": "1.0.0"
          }
        },
        "can-view-scope": {
          "version": "4.13.6",
          "resolved": "https://registry.npmjs.org/can-view-scope/-/can-view-scope-4.13.6.tgz",
          "integrity": "sha512-YPXmLueUtBl2+CECBpUn3H08zHe23kMDxbTFjCWXGzl/w9G2F0+SgIMeFHcaD949PTiQ9b/BafkcKf2+TH0DTg==",
          "requires": {
            "can-assign": "^1.1.1",
            "can-construct": "^3.2.0",
            "can-define-lazy-value": "^1.0.0",
            "can-event-queue": "^1.0.0",
            "can-key-tree": "^1.0.0",
            "can-log": "^1.0.0",
            "can-namespace": "1.0.0",
            "can-observation": "^4.0.0",
            "can-observation-recorder": "^1.3.0",
            "can-queues": "^1.0.0",
            "can-reflect": "^1.6.0",
            "can-reflect-dependencies": "<2.0.0",
            "can-simple-map": "^4.3.0",
            "can-simple-observable": "^2.0.0",
            "can-single-reference": "^1.0.0",
            "can-stache-helpers": "^1.0.0",
            "can-stache-key": "^1.3.0",
            "can-symbol": "^1.0.0"
          }
        },
        "can-view-target": {
          "version": "4.1.6",
          "resolved": "https://registry.npmjs.org/can-view-target/-/can-view-target-4.1.6.tgz",
          "integrity": "sha512-6PPrW3SDHeSDPgOuLFdFBbGApjtCB3iaZ4X4mKvSIQ1lg+C7J69OWPcNniQ+vPz9aWzHD4ad8nK7pZbyqBkhPg==",
          "requires": {
            "can-dom-mutate": "^1.0.0",
            "can-globals": "^1.0.0",
            "can-namespace": "1.0.0"
          }
        }
      }
    }
  }
}
